
Microsoft Visual Studio Solution File, Format Version 12.00
# Visual Studio 15
VisualStudioVersion = 15.0.25807.0
MinimumVisualStudioVersion = 10.0.40219.1
Project("{2150E333-8FDC-42A3-9474-1A3956D46DE8}") = "Engine", "Engine", "{367C5664-E93D-4114-A8C5-BA5F2AF39F3C}"
EndProject
Project("{2150E333-8FDC-42A3-9474-1A3956D46DE8}") = "Games", "Games", "{A267EC05-7E45-4223-8019-C4EC425FA020}"
EndProject
Project("{8BC9CEB8-8B4A-11D0-8D11-00A0C91BC942}") = "MultiplayerTest", "Intermediate\ProjectFiles\MultiplayerTest.vcxproj", "{27177C3F-1CEF-4235-9F70-D7372B521C84}"
EndProject
Project("{8BC9CEB8-8B4A-11D0-8D11-00A0C91BC942}") = "UE4", "Intermediate\ProjectFiles\UE4.vcxproj", "{AAB93AF2-EB77-477E-B42B-38F6C4B949A4}"
EndProject
Project("{2150E333-8FDC-42A3-9474-1A3956D46DE8}") = "Visualizers", "Visualizers", "{B1A96718-DDCF-4F34-B21E-70B504F64584}"
	ProjectSection(SolutionItems) = preProject
		D:\UE_4.22\Engine\Extras\VisualStudioDebugging\UE4.natvis = D:\UE_4.22\Engine\Extras\VisualStudioDebugging\UE4.natvis
	EndProjectSection
EndProject
Global
	GlobalSection(SolutionConfigurationPlatforms) = preSolution
		DebugGame Editor|HTML5 = DebugGame Editor|HTML5
		DebugGame Editor|Win32 = DebugGame Editor|Win32
		DebugGame Editor|Win64 = DebugGame Editor|Win64
		DebugGame|HTML5 = DebugGame|HTML5
		DebugGame|Win32 = DebugGame|Win32
		DebugGame|Win64 = DebugGame|Win64
		Development Editor|HTML5 = Development Editor|HTML5
		Development Editor|Win32 = Development Editor|Win32
		Development Editor|Win64 = Development Editor|Win64
		Development|HTML5 = Development|HTML5
		Development|Win32 = Development|Win32
		Development|Win64 = Development|Win64
		Shipping|HTML5 = Shipping|HTML5
		Shipping|Win32 = Shipping|Win32
		Shipping|Win64 = Shipping|Win64
	EndGlobalSection
	GlobalSection(ProjectConfigurationPlatforms) = postSolution
		{27177C3F-1CEF-4235-9F70-D7372B521C84}.DebugGame Editor|HTML5.ActiveCfg = Invalid|Win32
		{27177C3F-1CEF-4235-9F70-D7372B521C84}.DebugGame Editor|Win32.ActiveCfg = Invalid|Win32
		{27177C3F-1CEF-4235-9F70-D7372B521C84}.DebugGame Editor|Win64.ActiveCfg = DebugGame_Editor|x64
		{27177C3F-1CEF-4235-9F70-D7372B521C84}.DebugGame Editor|Win64.Build.0 = DebugGame_Editor|x64
		{27177C3F-1CEF-4235-9F70-D7372B521C84}.DebugGame|HTML5.ActiveCfg = HTML5_DebugGame|Win32
		{27177C3F-1CEF-4235-9F70-D7372B521C84}.DebugGame|HTML5.Build.0 = HTML5_DebugGame|Win32
		{27177C3F-1CEF-4235-9F70-D7372B521C84}.DebugGame|Win32.ActiveCfg = DebugGame|Win32
		{27177C3F-1CEF-4235-9F70-D7372B521C84}.DebugGame|Win32.Build.0 = DebugGame|Win32
		{27177C3F-1CEF-4235-9F70-D7372B521C84}.DebugGame|Win64.ActiveCfg = DebugGame|x64
		{27177C3F-1CEF-4235-9F70-D7372B521C84}.DebugGame|Win64.Build.0 = DebugGame|x64
		{27177C3F-1CEF-4235-9F70-D7372B521C84}.Development Editor|HTML5.ActiveCfg = Invalid|Win32
		{27177C3F-1CEF-4235-9F70-D7372B521C84}.Development Editor|Win32.ActiveCfg = Invalid|Win32
		{27177C3F-1CEF-4235-9F70-D7372B521C84}.Development Editor|Win64.ActiveCfg = Development_Editor|x64
		{27177C3F-1CEF-4235-9F70-D7372B521C84}.Development Editor|Win64.Build.0 = Development_Editor|x64
		{27177C3F-1CEF-4235-9F70-D7372B521C84}.Development|HTML5.ActiveCfg = HTML5_Development|Win32
		{27177C3F-1CEF-4235-9F70-D7372B521C84}.Development|HTML5.Build.0 = HTML5_Development|Win32
		{27177C3F-1CEF-4235-9F70-D7372B521C84}.Development|Win32.ActiveCfg = Development|Win32
		{27177C3F-1CEF-4235-9F70-D7372B521C84}.Development|Win32.Build.0 = Development|Win32
		{27177C3F-1CEF-4235-9F70-D7372B521C84}.Development|Win64.ActiveCfg = Development|x64
		{27177C3F-1CEF-4235-9F70-D7372B521C84}.Development|Win64.Build.0 = Development|x64
		{27177C3F-1CEF-4235-9F70-D7372B521C84}.Shipping|HTML5.ActiveCfg = HTML5_Shipping|Win32
		{27177C3F-1CEF-4235-9F70-D7372B521C84}.Shipping|HTML5.Build.0 = HTML5_Shipping|Win32
		{27177C3F-1CEF-4235-9F70-D7372B521C84}.Shipping|Win32.ActiveCfg = Shipping|Win32
		{27177C3F-1CEF-4235-9F70-D7372B521C84}.Shipping|Win32.Build.0 = Shipping|Win32
		{27177C3F-1CEF-4235-9F70-D7372B521C84}.Shipping|Win64.ActiveCfg = Shipping|x64
		{27177C3F-1CEF-4235-9F70-D7372B521C84}.Shipping|Win64.Build.0 = Shipping|x64
		{AAB93AF2-EB77-477E-B42B-38F6C4B949A4}.DebugGame Editor|HTML5.ActiveCfg = BuiltWithUnrealBuildTool|Win32
		{AAB93AF2-EB77-477E-B42B-38F6C4B949A4}.DebugGame Editor|Win32.ActiveCfg = BuiltWithUnrealBuildTool|Win32
		{AAB93AF2-EB77-477E-B42B-38F6C4B949A4}.DebugGame Editor|Win64.ActiveCfg = BuiltWithUnrealBuildTool|Win32
		{AAB93AF2-EB77-477E-B42B-38F6C4B949A4}.DebugGame|HTML5.ActiveCfg = BuiltWithUnrealBuildTool|Win32
		{AAB93AF2-EB77-477E-B42B-38F6C4B949A4}.DebugGame|Win32.ActiveCfg = BuiltWithUnrealBuildTool|Win32
		{AAB93AF2-EB77-477E-B42B-38F6C4B949A4}.DebugGame|Win64.ActiveCfg = BuiltWithUnrealBuildTool|Win32
		{AAB93AF2-EB77-477E-B42B-38F6C4B949A4}.Development Editor|HTML5.ActiveCfg = BuiltWithUnrealBuildTool|Win32
		{AAB93AF2-EB77-477E-B42B-38F6C4B949A4}.Development Editor|Win32.ActiveCfg = BuiltWithUnrealBuildTool|Win32
		{AAB93AF2-EB77-477E-B42B-38F6C4B949A4}.Development Editor|Win64.ActiveCfg = BuiltWithUnrealBuildTool|Win32
		{AAB93AF2-EB77-477E-B42B-38F6C4B949A4}.Development|HTML5.ActiveCfg = BuiltWithUnrealBuildTool|Win32
		{AAB93AF2-EB77-477E-B42B-38F6C4B949A4}.Development|Win32.ActiveCfg = BuiltWithUnrealBuildTool|Win32
		{AAB93AF2-EB77-477E-B42B-38F6C4B949A4}.Development|Win64.ActiveCfg = BuiltWithUnrealBuildTool|Win32
		{AAB93AF2-EB77-477E-B42B-38F6C4B949A4}.Shipping|HTML5.ActiveCfg = BuiltWithUnrealBuildTool|Win32
		{AAB93AF2-EB77-477E-B42B-38F6C4B949A4}.Shipping|Win32.ActiveCfg = BuiltWithUnrealBuildTool|Win32
		{AAB93AF2-EB77-477E-B42B-38F6C4B949A4}.Shipping|Win64.ActiveCfg = BuiltWithUnrealBuildTool|Win32
	EndGlobalSection
	GlobalSection(SolutionProperties) = preSolution
		HideSolutionNode = FALSE
	EndGlobalSection
	GlobalSection(NestedProjects) = preSolution
		{AAB93AF2-EB77-477E-B42B-38F6C4B949A4} = {367C5664-E93D-4114-A8C5-BA5F2AF39F3C}
		{27177C3F-1CEF-4235-9F70-D7372B521C84} = {A267EC05-7E45-4223-8019-C4EC425FA020}
	EndGlobalSection
EndGlobal
